github.com/BurntSushi/toml v1.0.0 h1:dtDWrepsVPfW9H/4y7dDgFc2MBUSeJhlaDtK13CxFlU=
github.com/BurntSushi/toml v1.0.0/go.mod h1:CxXYINrC8qIiEnFrOxCa7Jy5BFHlXnUU2pbicEuybxQ=
github.com/dank/go-csgsi v0.0.0-20180324040319-026a5c0b8a8d h1:V9gwkpmgr1QTYqQqxaLN7S5HkcquuHjD31HqjZqjLgQ=
github.com/dank/go-csgsi v0.0.0-20180324040319-026a5c0b8a8d/go.mod h1:4umZ15RUFM8ceg52gTczEO+dv99qbCliR/i0oMNju9A=
